
Microsoft Visual Studio Solution File, Format Version 12.00
# Visual Studio Version 17
VisualStudioVersion = 17.13.35931.197 d17.13
MinimumVisualStudioVersion = 10.0.40219.1
Project("{FAE04EC0-301F-11D3-BF4B-00C04F79EFBC}") = "BookingApi", "BookingApi\BookingApi.csproj", "{7B5291F8-8603-47E3-BC28-ABA618FD200D}"
EndProject
Global
	GlobalSection(SolutionConfigurationPlatforms) = preSolution
		Debug|Any CPU = Debug|Any CPU
		Release|Any CPU = Release|Any CPU
	EndGlobalSection
	GlobalSection(ProjectConfigurationPlatforms) = postSolution
		{7B5291F8-8603-47E3-BC28-ABA618FD200D}.Debug|Any CPU.ActiveCfg = Debug|Any CPU
		{7B5291F8-8603-47E3-BC28-ABA618FD200D}.Debug|Any CPU.Build.0 = Debug|Any CPU
		{7B5291F8-8603-47E3-BC28-ABA618FD200D}.Release|Any CPU.ActiveCfg = Release|Any CPU
		{7B5291F8-8603-47E3-BC28-ABA618FD200D}.Release|Any CPU.Build.0 = Release|Any CPU
	EndGlobalSection
	GlobalSection(SolutionProperties) = preSolution
		HideSolutionNode = FALSE
	EndGlobalSection
	GlobalSection(ExtensibilityGlobals) = postSolution
		SolutionGuid = {FAF55701-C3B2-4889-AC1D-6810E56ECB61}
	EndGlobalSection
EndGlobal
